{
    "_readme": [
        "This file locks the dependencies of your project to a known state",
        "Read more about it at https://getcomposer.org/doc/01-basic-usage.md#installing-dependencies",
        "This file is @generated automatically"
    ],
    "content-hash": "b465e74f9d8bac0f17734d2f55870e21",
    "packages": [
        {
            "name": "paragonie/random_compat",
            "version": "dev-master",
            "source": {
                "type": "git",
                "url": "https://github.com/paragonie/random_compat.git",
                "reference": "64f3265002e9e181436942aac2fbd482e186dc55"
            },
            "dist": {
                "type": "zip",
                "url": "https://api.github.com/repos/paragonie/random_compat/zipball/64f3265002e9e181436942aac2fbd482e186dc55",
                "reference": "64f3265002e9e181436942aac2fbd482e186dc55",
                "shasum": ""
            },
            "require": {
                "php": ">=5.2.0"
            },
            "require-dev": {
                "phpunit/phpunit": "*"
            },
            "suggest": {
                "ext-libsodium": "Provides a modern crypto API that can be used to generate random bytes."
            },
            "type": "library",
            "autoload": {
                "files": [
                    "lib/random.php"
                ]
            },
            "notification-url": "https://packagist.org/downloads/",
            "license": [
                "MIT"
            ],
            "authors": [
                {
                    "name": "Paragon Initiative Enterprises",
                    "email": "security@paragonie.com",
                    "homepage": "https://paragonie.com"
                }
            ],
            "description": "PHP 5.x polyfill for random_bytes() and random_int() from PHP 7",
            "keywords": [
                "csprng",
                "polyfill",
                "pseudorandom",
                "random"
            ],
            "time": "2022-06-19T18:08:39+00:00"
        },
        {
            "name": "paragonie/sodium_compat",
            "version": "v1.x-dev",
            "source": {
                "type": "git",
                "url": "https://github.com/paragonie/sodium_compat.git",
                "reference": "bb312875dcdd20680419564fe42ba1d9564b9e37"
            },
            "dist": {
                "type": "zip",
                "url": "https://api.github.com/repos/paragonie/sodium_compat/zipball/bb312875dcdd20680419564fe42ba1d9564b9e37",
                "reference": "bb312875dcdd20680419564fe42ba1d9564b9e37",
                "shasum": ""
            },
            "require": {
                "paragonie/random_compat": ">=1",
                "php": "^5.2.4|^5.3|^5.4|^5.5|^5.6|^7|^8"
            },
            "require-dev": {
                "phpunit/phpunit": "^3|^4|^5|^6|^7|^8|^9"
            },
            "suggest": {
                "ext-libsodium": "PHP < 7.0: Better performance, password hashing (Argon2i), secure memory management (memzero), and better security.",
                "ext-sodium": "PHP >= 7.0: Better performance, password hashing (Argon2i), secure memory management (memzero), and better security."
            },
            "type": "library",
            "autoload": {
                "files": [
                    "autoload.php"
                ]
            },
            "notification-url": "https://packagist.org/downloads/",
            "license": [
                "ISC"
            ],
            "authors": [
                {
                    "name": "Paragon Initiative Enterprises",
                    "email": "security@paragonie.com"
                },
                {
                    "name": "Frank Denis",
                    "email": "jedisct1@pureftpd.org"
                }
            ],
            "description": "Pure PHP implementation of libsodium; uses the PHP extension if it exists",
            "keywords": [
                "Authentication",
                "BLAKE2b",
                "ChaCha20",
                "ChaCha20-Poly1305",
                "Chapoly",
                "Curve25519",
                "Ed25519",
                "EdDSA",
                "Edwards-curve Digital Signature Algorithm",
                "Elliptic Curve Diffie-Hellman",
                "Poly1305",
                "Pure-PHP cryptography",
                "RFC 7748",
                "RFC 8032",
                "Salpoly",
                "Salsa20",
                "X25519",
                "XChaCha20-Poly1305",
                "XSalsa20-Poly1305",
                "Xchacha20",
                "Xsalsa20",
                "aead",
                "cryptography",
                "ecdh",
                "elliptic curve",
                "elliptic curve cryptography",
                "encryption",
                "libsodium",
                "php",
                "public-key cryptography",
                "secret-key cryptography",
                "side-channel resistant"
            ],
            "time": "2024-04-22T22:05:04+00:00"
        }
    ],
    "packages-dev": [],
    "aliases": [],
    "minimum-stability": "dev",
    "stability-flags": [],
    "prefer-stable": false,
    "prefer-lowest": false,
    "platform": [],
    "platform-dev": [],
    "plugin-api-version": "1.1.0"
}
